{
  "lockfileVersion": 1,
  "workspaces": {
    "": {
      "dependencies": {
        "@solana/web3.js": "2",
      },
    },
  },
  "packages": {
    "@solana/accounts": ["@solana/accounts@2.0.0", "", { "dependencies": { "@solana/addresses": "2.0.0", "@solana/codecs-core": "2.0.0", "@solana/codecs-strings": "2.0.0", "@solana/errors": "2.0.0", "@solana/rpc-spec": "2.0.0", "@solana/rpc-types": "2.0.0" }, "peerDependencies": { "typescript": ">=5" } }, "sha512-1CE4P3QSDH5x+ZtSthMY2mn/ekROBnlT3/4f3CHDJicDvLQsgAq2yCvGHsYkK3ZA0mxhFLuhJVjuKASPnmG1rQ=="],

    "@solana/addresses": ["@solana/addresses@2.0.0", "", { "dependencies": { "@solana/assertions": "2.0.0", "@solana/codecs-core": "2.0.0", "@solana/codecs-strings": "2.0.0", "@solana/errors": "2.0.0" }, "peerDependencies": { "typescript": ">=5" } }, "sha512-8n3c/mUlH1/z+pM8e7OJ6uDSXw26Be0dgYiokiqblO66DGQ0d+7pqFUFZ5pEGjJ9PU2lDTSfY8rHf4cemOqwzQ=="],

    "@solana/assertions": ["@solana/assertions@2.0.0", "", { "dependencies": { "@solana/errors": "2.0.0" }, "peerDependencies": { "typescript": ">=5" } }, "sha512-NyPPqZRNGXs/GAjfgsw7YS6vCTXWt4ibXveS+ciy5sdmp/0v3pA6DlzYjleF9Sljrew0IiON15rjaXamhDxYfQ=="],

    "@solana/codecs": ["@solana/codecs@2.0.0", "", { "dependencies": { "@solana/codecs-core": "2.0.0", "@solana/codecs-data-structures": "2.0.0", "@solana/codecs-numbers": "2.0.0", "@solana/codecs-strings": "2.0.0", "@solana/options": "2.0.0" }, "peerDependencies": { "typescript": ">=5" } }, "sha512-xneIG5ppE6WIGaZCK7JTys0uLhzlnEJUdBO8nRVIyerwH6aqCfb0fGe7q5WNNYAVDRSxC0Pc1TDe1hpdx3KWmQ=="],

    "@solana/codecs-core": ["@solana/codecs-core@2.0.0", "", { "dependencies": { "@solana/errors": "2.0.0" }, "peerDependencies": { "typescript": ">=5" } }, "sha512-qCG+3hDU5Pm8V6joJjR4j4Zv9md1z0RaecniNDIkEglnxmOUODnmPLWbtOjnDylfItyuZeDihK8hkewdj8cUtw=="],

    "@solana/codecs-data-structures": ["@solana/codecs-data-structures@2.0.0", "", { "dependencies": { "@solana/codecs-core": "2.0.0", "@solana/codecs-numbers": "2.0.0", "@solana/errors": "2.0.0" }, "peerDependencies": { "typescript": ">=5" } }, "sha512-N98Y4jsrC/XeOgqrfsGqcOFIaOoMsKdAxOmy5oqVaEN67YoGSLNC9ROnqamOAOrsZdicTWx9/YLKFmQi9DPh1A=="],

    "@solana/codecs-numbers": ["@solana/codecs-numbers@2.0.0", "", { "dependencies": { "@solana/codecs-core": "2.0.0", "@solana/errors": "2.0.0" }, "peerDependencies": { "typescript": ">=5" } }, "sha512-r66i7VzJO1MZkQWZIAI6jjJOFVpnq0+FIabo2Z2ZDtrArFus/SbSEv543yCLeD2tdR/G/p+1+P5On10qF50Y1Q=="],

    "@solana/codecs-strings": ["@solana/codecs-strings@2.0.0", "", { "dependencies": { "@solana/codecs-core": "2.0.0", "@solana/codecs-numbers": "2.0.0", "@solana/errors": "2.0.0" }, "peerDependencies": { "fastestsmallesttextencoderdecoder": "^1.0.22", "typescript": ">=5" } }, "sha512-dNqeCypsvaHcjW86H0gYgAZGGkKVBeKVeh7WXlOZ9kno7PeQ2wNkpccyzDfuzaIsKv+HZUD3v/eo86GCvnKazQ=="],

    "@solana/errors": ["@solana/errors@2.0.0", "", { "dependencies": { "chalk": "^5.3.0", "commander": "^12.1.0" }, "peerDependencies": { "typescript": ">=5" }, "bin": { "errors": "bin/cli.mjs" } }, "sha512-IHlaPFSy4lvYco1oHJ3X8DbchWwAwJaL/4wZKnF1ugwZ0g0re8wbABrqNOe/jyZ84VU9Z14PYM8W9oDAebdJbw=="],

    "@solana/fast-stable-stringify": ["@solana/fast-stable-stringify@2.0.0", "", { "peerDependencies": { "typescript": ">=5" } }, "sha512-EsIx9z+eoxOmC+FpzhEb+H67CCYTbs/omAqXD4EdEYnCHWrI1li1oYBV+NoKzfx8fKlX+nzNB7S/9kc4u7Etpw=="],

    "@solana/functional": ["@solana/functional@2.0.0", "", { "peerDependencies": { "typescript": ">=5" } }, "sha512-Sj+sLiUTimnMEyGnSLGt0lbih2xPDUhxhonnrIkPwA+hjQ3ULGHAxeevHU06nqiVEgENQYUJ5rCtHs4xhUFAkQ=="],

    "@solana/instructions": ["@solana/instructions@2.0.0", "", { "dependencies": { "@solana/errors": "2.0.0" }, "peerDependencies": { "typescript": ">=5" } }, "sha512-MiTEiNF7Pzp+Y+x4yadl2VUcNHboaW5WP52psBuhHns3GpbbruRv5efMpM9OEQNe1OsN+Eg39vjEidX55+P+DQ=="],

    "@solana/keys": ["@solana/keys@2.0.0", "", { "dependencies": { "@solana/assertions": "2.0.0", "@solana/codecs-core": "2.0.0", "@solana/codecs-strings": "2.0.0", "@solana/errors": "2.0.0" }, "peerDependencies": { "typescript": ">=5" } }, "sha512-SSLSX8BXRvfLKBqsmBghmlhMKpwHeWd5CHi5zXgTS1BRrtiU6lcrTVC9ie6B+WaNNq7oe3e6K5bdbhu3fFZ+0g=="],

    "@solana/options": ["@solana/options@2.0.0", "", { "dependencies": { "@solana/codecs-core": "2.0.0", "@solana/codecs-data-structures": "2.0.0", "@solana/codecs-numbers": "2.0.0", "@solana/codecs-strings": "2.0.0", "@solana/errors": "2.0.0" }, "peerDependencies": { "typescript": ">=5" } }, "sha512-OVc4KnYosB8oAukQ/htgrxXSxlUP6gUu5Aau6d/BgEkPQzWd/Pr+w91VWw3i3zZuu2SGpedbyh05RoJBe/hSXA=="],

    "@solana/programs": ["@solana/programs@2.0.0", "", { "dependencies": { "@solana/addresses": "2.0.0", "@solana/errors": "2.0.0" }, "peerDependencies": { "typescript": ">=5" } }, "sha512-JPIKB61pWfODnsvEAaPALc6vR5rn7kmHLpFaviWhBtfUlEVgB8yVTR0MURe4+z+fJCPRV5wWss+svA4EeGDYzQ=="],

    "@solana/promises": ["@solana/promises@2.0.0", "", { "peerDependencies": { "typescript": ">=5" } }, "sha512-4teQ52HDjK16ORrZe1zl+Q9WcZdQ+YEl0M1gk59XG7D0P9WqaVEQzeXGnKSCs+Y9bnB1u5xCJccwpUhHYWq6gg=="],

    "@solana/rpc": ["@solana/rpc@2.0.0", "", { "dependencies": { "@solana/errors": "2.0.0", "@solana/fast-stable-stringify": "2.0.0", "@solana/functional": "2.0.0", "@solana/rpc-api": "2.0.0", "@solana/rpc-spec": "2.0.0", "@solana/rpc-spec-types": "2.0.0", "@solana/rpc-transformers": "2.0.0", "@solana/rpc-transport-http": "2.0.0", "@solana/rpc-types": "2.0.0" }, "peerDependencies": { "typescript": ">=5" } }, "sha512-TumQ9DFRpib/RyaIqLVfr7UjqSo7ldfzpae0tgjM93YjbItB4Z0VcUXc3uAFvkeYw2/HIMb46Zg43mkUwozjDg=="],

    "@solana/rpc-api": ["@solana/rpc-api@2.0.0", "", { "dependencies": { "@solana/addresses": "2.0.0", "@solana/codecs-core": "2.0.0", "@solana/codecs-strings": "2.0.0", "@solana/errors": "2.0.0", "@solana/keys": "2.0.0", "@solana/rpc-parsed-types": "2.0.0", "@solana/rpc-spec": "2.0.0", "@solana/rpc-transformers": "2.0.0", "@solana/rpc-types": "2.0.0", "@solana/transaction-messages": "2.0.0", "@solana/transactions": "2.0.0" }, "peerDependencies": { "typescript": ">=5" } }, "sha512-1FwitYxwADMF/6zKP2kNXg8ESxB6GhNBNW1c4f5dEmuXuBbeD/enLV3WMrpg8zJkIaaYarEFNbt7R7HyFzmURQ=="],

    "@solana/rpc-parsed-types": ["@solana/rpc-parsed-types@2.0.0", "", { "peerDependencies": { "typescript": ">=5" } }, "sha512-VCeY/oKVEtBnp8EDOc5LSSiOeIOLFIgLndcxqU0ij/cZaQ01DOoHbhluvhZtU80Z3dUeicec8TiMgkFzed+WhQ=="],

    "@solana/rpc-spec": ["@solana/rpc-spec@2.0.0", "", { "dependencies": { "@solana/errors": "2.0.0", "@solana/rpc-spec-types": "2.0.0" }, "peerDependencies": { "typescript": ">=5" } }, "sha512-1uIDzj7vocCUqfOifjv1zAuxQ53ugiup/42edVFoQLOnJresoEZLL6WjnsJq4oCTccEAvGhUBI1WWKeZTGNxFQ=="],

    "@solana/rpc-spec-types": ["@solana/rpc-spec-types@2.0.0", "", { "peerDependencies": { "typescript": ">=5" } }, "sha512-G2lmhFhgtxMQd/D6B04BHGE7bm5dMZdIPQNOqVGhzNAVjrmyapD3JN2hKAbmaYPe97wLfZERw0Ux1u4Y6q7TqA=="],

    "@solana/rpc-subscriptions": ["@solana/rpc-subscriptions@2.0.0", "", { "dependencies": { "@solana/errors": "2.0.0", "@solana/fast-stable-stringify": "2.0.0", "@solana/functional": "2.0.0", "@solana/promises": "2.0.0", "@solana/rpc-spec-types": "2.0.0", "@solana/rpc-subscriptions-api": "2.0.0", "@solana/rpc-subscriptions-channel-websocket": "2.0.0", "@solana/rpc-subscriptions-spec": "2.0.0", "@solana/rpc-transformers": "2.0.0", "@solana/rpc-types": "2.0.0", "@solana/subscribable": "2.0.0" }, "peerDependencies": { "typescript": ">=5" } }, "sha512-AdwMJHMrhlj7q1MPjZmVcKq3iLqMW3N0MT8kzIAP2vP+8o/d6Fn4aqGxoz2Hlfn3OYIZoYStN2VBtwzbcfEgMA=="],

    "@solana/rpc-subscriptions-api": ["@solana/rpc-subscriptions-api@2.0.0", "", { "dependencies": { "@solana/addresses": "2.0.0", "@solana/keys": "2.0.0", "@solana/rpc-subscriptions-spec": "2.0.0", "@solana/rpc-transformers": "2.0.0", "@solana/rpc-types": "2.0.0", "@solana/transaction-messages": "2.0.0", "@solana/transactions": "2.0.0" }, "peerDependencies": { "typescript": ">=5" } }, "sha512-NAJQvSFXYIIf8zxsMFBCkSbZNZgT32pzPZ1V6ZAd+U2iDEjx3L+yFwoJgfOcHp8kAV+alsF2lIsGBlG4u+ehvw=="],

    "@solana/rpc-subscriptions-channel-websocket": ["@solana/rpc-subscriptions-channel-websocket@2.0.0", "", { "dependencies": { "@solana/errors": "2.0.0", "@solana/functional": "2.0.0", "@solana/rpc-subscriptions-spec": "2.0.0", "@solana/subscribable": "2.0.0" }, "peerDependencies": { "typescript": ">=5", "ws": "^8.18.0" } }, "sha512-hSQDZBmcp2t+gLZsSBqs/SqVw4RuNSC7njiP46azyzW7oGg8X2YPV36AHGsHD12KPsc0UpT1OAZ4+AN9meVKww=="],

    "@solana/rpc-subscriptions-spec": ["@solana/rpc-subscriptions-spec@2.0.0", "", { "dependencies": { "@solana/errors": "2.0.0", "@solana/promises": "2.0.0", "@solana/rpc-spec-types": "2.0.0", "@solana/subscribable": "2.0.0" }, "peerDependencies": { "typescript": ">=5" } }, "sha512-VXMiI3fYtU1PkVVTXL87pcY48ZY8aCi1N6FqtxSP2xg/GASL01j1qbwyIL1OvoCqGyRgIxdd/YfaByW9wmWBhA=="],

    "@solana/rpc-transformers": ["@solana/rpc-transformers@2.0.0", "", { "dependencies": { "@solana/errors": "2.0.0", "@solana/functional": "2.0.0", "@solana/rpc-spec-types": "2.0.0", "@solana/rpc-types": "2.0.0" }, "peerDependencies": { "typescript": ">=5" } }, "sha512-H6tN0qcqzUangowsLLQtYXKJsf1Roe3/qJ1Cy0gv9ojY9uEvNbJqpeEj+7blv0MUZfEe+rECAwBhxxRKPMhYGw=="],

    "@solana/rpc-transport-http": ["@solana/rpc-transport-http@2.0.0", "", { "dependencies": { "@solana/errors": "2.0.0", "@solana/rpc-spec": "2.0.0", "@solana/rpc-spec-types": "2.0.0", "undici-types": "^6.20.0" }, "peerDependencies": { "typescript": ">=5" } }, "sha512-UJLhKhhxDd1OPi8hb2AenHsDm1mofCBbhWn4bDCnH2Q3ulwYadUhcNqNbxjJPQ774VNhAf53SSI5A6PQo8IZSQ=="],

    "@solana/rpc-types": ["@solana/rpc-types@2.0.0", "", { "dependencies": { "@solana/addresses": "2.0.0", "@solana/codecs-core": "2.0.0", "@solana/codecs-numbers": "2.0.0", "@solana/codecs-strings": "2.0.0", "@solana/errors": "2.0.0" }, "peerDependencies": { "typescript": ">=5" } }, "sha512-o1ApB9PYR0A3XjVSOh//SOVWgjDcqMlR3UNmtqciuREIBmWqnvPirdOa5EJxD3iPhfA4gnNnhGzT+tMDeDW/Kw=="],

    "@solana/signers": ["@solana/signers@2.0.0", "", { "dependencies": { "@solana/addresses": "2.0.0", "@solana/codecs-core": "2.0.0", "@solana/errors": "2.0.0", "@solana/instructions": "2.0.0", "@solana/keys": "2.0.0", "@solana/transaction-messages": "2.0.0", "@solana/transactions": "2.0.0" }, "peerDependencies": { "typescript": ">=5" } }, "sha512-JEYJS3x/iKkqPV/3b1nLpX9lHib21wQKV3fOuu1aDLQqmX9OYKrnIIITYdnFDhmvGhpEpkkbPnqu7yVaFIBYsQ=="],

    "@solana/subscribable": ["@solana/subscribable@2.0.0", "", { "dependencies": { "@solana/errors": "2.0.0" }, "peerDependencies": { "typescript": ">=5" } }, "sha512-Ex7d2GnTSNVMZDU3z6nKN4agRDDgCgBDiLnmn1hmt0iFo3alr3gRAqiqa7qGouAtYh9/29pyc8tVJCijHWJPQQ=="],

    "@solana/sysvars": ["@solana/sysvars@2.0.0", "", { "dependencies": { "@solana/accounts": "2.0.0", "@solana/codecs": "2.0.0", "@solana/errors": "2.0.0", "@solana/rpc-types": "2.0.0" }, "peerDependencies": { "typescript": ">=5" } }, "sha512-8D4ajKcCYQsTG1p4k30lre2vjxLR6S5MftUGJnIaQObDCzGmaeA9GRti4Kk4gSPWVYFTBoj1ASx8EcEXaB3eIQ=="],

    "@solana/transaction-confirmation": ["@solana/transaction-confirmation@2.0.0", "", { "dependencies": { "@solana/addresses": "2.0.0", "@solana/codecs-strings": "2.0.0", "@solana/errors": "2.0.0", "@solana/keys": "2.0.0", "@solana/promises": "2.0.0", "@solana/rpc": "2.0.0", "@solana/rpc-subscriptions": "2.0.0", "@solana/rpc-types": "2.0.0", "@solana/transaction-messages": "2.0.0", "@solana/transactions": "2.0.0" }, "peerDependencies": { "typescript": ">=5" } }, "sha512-JkTw5gXLiqQjf6xK0fpVcoJ/aMp2kagtFSD/BAOazdJ3UYzOzbzqvECt6uWa3ConcMswQ2vXalVtI7ZjmYuIeg=="],

    "@solana/transaction-messages": ["@solana/transaction-messages@2.0.0", "", { "dependencies": { "@solana/addresses": "2.0.0", "@solana/codecs-core": "2.0.0", "@solana/codecs-data-structures": "2.0.0", "@solana/codecs-numbers": "2.0.0", "@solana/errors": "2.0.0", "@solana/functional": "2.0.0", "@solana/instructions": "2.0.0", "@solana/rpc-types": "2.0.0" }, "peerDependencies": { "typescript": ">=5" } }, "sha512-Uc6Fw1EJLBrmgS1lH2ZfLAAKFvprWPQQzOVwZS78Pv8Whsk7tweYTK6S0Upv0nHr50rGpnORJfmdBrXE6OfNGg=="],

    "@solana/transactions": ["@solana/transactions@2.0.0", "", { "dependencies": { "@solana/addresses": "2.0.0", "@solana/codecs-core": "2.0.0", "@solana/codecs-data-structures": "2.0.0", "@solana/codecs-numbers": "2.0.0", "@solana/codecs-strings": "2.0.0", "@solana/errors": "2.0.0", "@solana/functional": "2.0.0", "@solana/instructions": "2.0.0", "@solana/keys": "2.0.0", "@solana/rpc-types": "2.0.0", "@solana/transaction-messages": "2.0.0" }, "peerDependencies": { "typescript": ">=5" } }, "sha512-VfdTE+59WKvuBG//6iE9RPjAB+ZT2kLgY2CDHabaz6RkH6OjOkMez9fWPVa3Xtcus+YQWN1SnQoryjF/xSx04w=="],

    "@solana/web3.js": ["@solana/web3.js@2.0.0", "", { "dependencies": { "@solana/accounts": "2.0.0", "@solana/addresses": "2.0.0", "@solana/codecs": "2.0.0", "@solana/errors": "2.0.0", "@solana/functional": "2.0.0", "@solana/instructions": "2.0.0", "@solana/keys": "2.0.0", "@solana/programs": "2.0.0", "@solana/rpc": "2.0.0", "@solana/rpc-parsed-types": "2.0.0", "@solana/rpc-spec-types": "2.0.0", "@solana/rpc-subscriptions": "2.0.0", "@solana/rpc-types": "2.0.0", "@solana/signers": "2.0.0", "@solana/sysvars": "2.0.0", "@solana/transaction-confirmation": "2.0.0", "@solana/transaction-messages": "2.0.0", "@solana/transactions": "2.0.0" }, "peerDependencies": { "typescript": ">=5" } }, "sha512-x+ZRB2/r5tVK/xw8QRbAfgPcX51G9f2ifEyAQ/J5npOO+6+MPeeCjtr5UxHNDAYs9Ypo0PN+YJATCO4vhzQJGg=="],

    "chalk": ["chalk@5.4.1", "", {}, "sha512-zgVZuo2WcZgfUEmsn6eO3kINexW8RAE4maiQ8QNs8CtpPCSyMiYsULR3HQYkm3w8FIA3SberyMJMSldGsW+U3w=="],

    "commander": ["commander@12.1.0", "", {}, "sha512-Vw8qHK3bZM9y/P10u3Vib8o/DdkvA2OtPtZvD871QKjy74Wj1WSKFILMPRPSdUSx5RFK1arlJzEtA4PkFgnbuA=="],

    "fastestsmallesttextencoderdecoder": ["fastestsmallesttextencoderdecoder@1.0.22", "", {}, "sha512-Pb8d48e+oIuY4MaM64Cd7OW1gt4nxCHs7/ddPPZ/Ic3sg8yVGM7O9wDvZ7us6ScaUupzM+pfBolwtYhN1IxBIw=="],

    "typescript": ["typescript@5.7.3", "", { "bin": { "tsc": "bin/tsc", "tsserver": "bin/tsserver" } }, "sha512-84MVSjMEHP+FQRPy3pX9sTVV/INIex71s9TL2Gm5FG/WG1SqXeKyZ0k7/blY/4FdOzI12CBy1vGc4og/eus0fw=="],

    "undici-types": ["undici-types@6.21.0", "", {}, "sha512-iwDZqg0QAGrg9Rav5H4n0M64c3mkR59cJ6wQp+7C4nI0gsmExaedaYLNO44eT4AtBBwjbTiGPMlt2Md0T9H9JQ=="],

    "ws": ["ws@8.18.0", "", { "peerDependencies": { "bufferutil": "^4.0.1", "utf-8-validate": ">=5.0.2" }, "optionalPeers": ["bufferutil", "utf-8-validate"] }, "sha512-8VbfWfHLbbwu3+N6OKsOMpBdT4kXPDDB9cJk2bJ6mh9ucxdlnNvH1e+roYkKmN9Nxw2yjz7VzeO9oOz2zJ04Pw=="],
  }
}
